
Microsoft Visual Studio Solution File, Format Version 12.00
Project("{FAE04EC0-301F-11D3-BF4B-00C04F79EFBC}") = "Wochenstatistik", "Wochenstatistik\Wochenstatistik.csproj", "{533B2B7F-E38F-4153-947D-AB376F62F079}"
EndProject
Global
	GlobalSection(SolutionConfigurationPlatforms) = preSolution
		Debug|Any CPU = Debug|Any CPU
		Release|Any CPU = Release|Any CPU
	EndGlobalSection
	GlobalSection(ProjectConfigurationPlatforms) = postSolution
		{533B2B7F-E38F-4153-947D-AB376F62F079}.Debug|Any CPU.ActiveCfg = Debug|Any CPU
		{533B2B7F-E38F-4153-947D-AB376F62F079}.Debug|Any CPU.Build.0 = Debug|Any CPU
		{533B2B7F-E38F-4153-947D-AB376F62F079}.Release|Any CPU.ActiveCfg = Release|Any CPU
		{533B2B7F-E38F-4153-947D-AB376F62F079}.Release|Any CPU.Build.0 = Release|Any CPU
	EndGlobalSection
EndGlobal
